
Microsoft Visual Studio Solution File, Format Version 12.00
# Visual Studio 14
VisualStudioVersion = 14.0.24720.0
MinimumVisualStudioVersion = 10.0.40219.1
Project("{FAE04EC0-301F-11D3-BF4B-00C04F79EFBC}") = "OttawaDotNetGroupAkka", "OttawaDotNetGroupAkka\OttawaDotNetGroupAkka.csproj", "{19DABC5E-E06D-4BB9-839B-C2338A83D32D}"
EndProject
Global
	GlobalSection(SolutionConfigurationPlatforms) = preSolution
		Debug|Any CPU = Debug|Any CPU
		Release|Any CPU = Release|Any CPU
	EndGlobalSection
	GlobalSection(ProjectConfigurationPlatforms) = postSolution
		{19DABC5E-E06D-4BB9-839B-C2338A83D32D}.Debug|Any CPU.ActiveCfg = Debug|Any CPU
		{19DABC5E-E06D-4BB9-839B-C2338A83D32D}.Debug|Any CPU.Build.0 = Debug|Any CPU
		{19DABC5E-E06D-4BB9-839B-C2338A83D32D}.Release|Any CPU.ActiveCfg = Release|Any CPU
		{19DABC5E-E06D-4BB9-839B-C2338A83D32D}.Release|Any CPU.Build.0 = Release|Any CPU
	EndGlobalSection
	GlobalSection(SolutionProperties) = preSolution
		HideSolutionNode = FALSE
	EndGlobalSection
EndGlobal
