
Microsoft Visual Studio Solution File, Format Version 12.00
# Visual Studio 14
VisualStudioVersion = 14.0.23107.0
MinimumVisualStudioVersion = 10.0.40219.1
Project("{FAE04EC0-301F-11D3-BF4B-00C04F79EFBC}") = "PingPongRemote", "PingPongRemote\PingPongRemote.csproj", "{76618C0B-31D2-47BF-855C-3BBB31F84E2D}"
EndProject
Project("{FAE04EC0-301F-11D3-BF4B-00C04F79EFBC}") = "PingPongLocal", "PingPongLocal\PingPongLocal.csproj", "{ED9E0980-176C-4AAA-BE44-67B299345952}"
EndProject
Project("{FAE04EC0-301F-11D3-BF4B-00C04F79EFBC}") = "PingPong.Common", "PingPong.Common\PingPong.Common.csproj", "{30EA9F77-BBEA-4B9F-9D1A-81248D15968A}"
EndProject
Global
	GlobalSection(SolutionConfigurationPlatforms) = preSolution
		Debug|Any CPU = Debug|Any CPU
		Release|Any CPU = Release|Any CPU
	EndGlobalSection
	GlobalSection(ProjectConfigurationPlatforms) = postSolution
		{76618C0B-31D2-47BF-855C-3BBB31F84E2D}.Debug|Any CPU.ActiveCfg = Debug|Any CPU
		{76618C0B-31D2-47BF-855C-3BBB31F84E2D}.Debug|Any CPU.Build.0 = Debug|Any CPU
		{76618C0B-31D2-47BF-855C-3BBB31F84E2D}.Release|Any CPU.ActiveCfg = Release|Any CPU
		{76618C0B-31D2-47BF-855C-3BBB31F84E2D}.Release|Any CPU.Build.0 = Release|Any CPU
		{ED9E0980-176C-4AAA-BE44-67B299345952}.Debug|Any CPU.ActiveCfg = Debug|Any CPU
		{ED9E0980-176C-4AAA-BE44-67B299345952}.Debug|Any CPU.Build.0 = Debug|Any CPU
		{ED9E0980-176C-4AAA-BE44-67B299345952}.Release|Any CPU.ActiveCfg = Release|Any CPU
		{ED9E0980-176C-4AAA-BE44-67B299345952}.Release|Any CPU.Build.0 = Release|Any CPU
		{30EA9F77-BBEA-4B9F-9D1A-81248D15968A}.Debug|Any CPU.ActiveCfg = Debug|Any CPU
		{30EA9F77-BBEA-4B9F-9D1A-81248D15968A}.Debug|Any CPU.Build.0 = Debug|Any CPU
		{30EA9F77-BBEA-4B9F-9D1A-81248D15968A}.Release|Any CPU.ActiveCfg = Release|Any CPU
		{30EA9F77-BBEA-4B9F-9D1A-81248D15968A}.Release|Any CPU.Build.0 = Release|Any CPU
	EndGlobalSection
	GlobalSection(SolutionProperties) = preSolution
		HideSolutionNode = FALSE
	EndGlobalSection
EndGlobal
